
Microsoft Visual Studio Solution File, Format Version 12.00
# Visual Studio Version 16
VisualStudioVersion = 16.0.34031.81
MinimumVisualStudioVersion = 10.0.40219.1
Project("{888888A0-9F3D-457C-B088-3A5042F75D52}") = "GameAIUJ2025", "GameAIUJ2025.pyproj", "{5B3199BA-3CC3-4AA3-8D57-B48C30FD6431}"
EndProject
Project("{2150E333-8FDC-42A3-9474-1A3956D46DE8}") = "Solution Items", "Solution Items", "{205E1DBE-A130-4232-B42C-0865392F1F80}"
	ProjectSection(SolutionItems) = preProject
		collisions.py = collisions.py
		enemies.py = enemies.py
		enums.py = enums.py
		game_object.py = game_object.py
		main.py = main.py
		physics.py = physics.py
		rendering.py = rendering.py
		transforms.py = transforms.py
	EndProjectSection
EndProject
Global
	GlobalSection(SolutionConfigurationPlatforms) = preSolution
		Debug|Any CPU = Debug|Any CPU
		Release|Any CPU = Release|Any CPU
	EndGlobalSection
	GlobalSection(ProjectConfigurationPlatforms) = postSolution
		{5B3199BA-3CC3-4AA3-8D57-B48C30FD6431}.Debug|Any CPU.ActiveCfg = Debug|Any CPU
		{5B3199BA-3CC3-4AA3-8D57-B48C30FD6431}.Release|Any CPU.ActiveCfg = Release|Any CPU
	EndGlobalSection
	GlobalSection(SolutionProperties) = preSolution
		HideSolutionNode = FALSE
	EndGlobalSection
	GlobalSection(ExtensibilityGlobals) = postSolution
		SolutionGuid = {C99A3F20-3FD6-4423-AEDA-8029F1C2752F}
	EndGlobalSection
EndGlobal
